{
  "name": "PPG_Glucose_APP",
  "lockfileVersion": 3,
  "requires": true,
  "packages": {
    "": {
      "dependencies": {
        "fili": "^2.0.3"
      }
    },
    "node_modules/fili": {
      "version": "2.0.3",
      "resolved": "https://registry.npmjs.org/fili/-/fili-2.0.3.tgz",
      "integrity": "sha512-NW/EY++EMP9f4mSpVCjg5PJnAkkxzh170My+R18sh4CSXu3Puxw3Cs4aQmXoUtNg1EonZmvmR5TLcKEJtX5hQg=="
    }
  }
}
